
Microsoft Visual Studio Solution File, Format Version 12.00
# Visual Studio Version 16
VisualStudioVersion = 16.0.31515.178
MinimumVisualStudioVersion = 10.0.40219.1
Project("{FAE04EC0-301F-11D3-BF4B-00C04F79EFBC}") = "Task2", "Task2\Task2.csproj", "{86C2D17B-CFAD-4DF0-B905-E190B9B6C443}"
EndProject
Global
	GlobalSection(SolutionConfigurationPlatforms) = preSolution
		Debug|Any CPU = Debug|Any CPU
		Release|Any CPU = Release|Any CPU
	EndGlobalSection
	GlobalSection(ProjectConfigurationPlatforms) = postSolution
		{86C2D17B-CFAD-4DF0-B905-E190B9B6C443}.Debug|Any CPU.ActiveCfg = Debug|Any CPU
		{86C2D17B-CFAD-4DF0-B905-E190B9B6C443}.Debug|Any CPU.Build.0 = Debug|Any CPU
		{86C2D17B-CFAD-4DF0-B905-E190B9B6C443}.Release|Any CPU.ActiveCfg = Release|Any CPU
		{86C2D17B-CFAD-4DF0-B905-E190B9B6C443}.Release|Any CPU.Build.0 = Release|Any CPU
	EndGlobalSection
	GlobalSection(SolutionProperties) = preSolution
		HideSolutionNode = FALSE
	EndGlobalSection
	GlobalSection(ExtensibilityGlobals) = postSolution
		SolutionGuid = {D22D4EB9-DC77-4632-8CB0-7BC24C5B2F90}
	EndGlobalSection
EndGlobal
